// !$*UTF8*$!
{
	archiveVersion = 1;
	classes = {
	};
	objectVersion = 55;
	objects = {

/* Begin PBXBuildFile section */
		A700E33E270390C80059FDB4 /* HomeRingView.swift in Sources */ = {isa = PBXBuildFile; fileRef = A700E33D270390C80059FDB4 /* HomeRingView.swift */; };
		A700E34027039BF40059FDB4 /* CardView.swift in Sources */ = {isa = PBXBuildFile; fileRef = A700E33F27039BF40059FDB4 /* CardView.swift */; };
		A700E34227039C340059FDB4 /* ExpensesBreakDown.swift in Sources */ = {isa = PBXBuildFile; fileRef = A700E34127039C340059FDB4 /* ExpensesBreakDown.swift */; };
		A700E34427039C4D0059FDB4 /* ExpenseModel.swift in Sources */ = {isa = PBXBuildFile; fileRef = A700E34327039C4D0059FDB4 /* ExpenseModel.swift */; };
		A700E34827039CD50059FDB4 /* PercentAnimator.swift in Sources */ = {isa = PBXBuildFile; fileRef = A700E34727039CD50059FDB4 /* PercentAnimator.swift */; };
		A700E34A27039D7B0059FDB4 /* ColorExt.swift in Sources */ = {isa = PBXBuildFile; fileRef = A700E34927039D7B0059FDB4 /* ColorExt.swift */; };
		A700E34C27039DA70059FDB4 /* DateExt.swift in Sources */ = {isa = PBXBuildFile; fileRef = A700E34B27039DA70059FDB4 /* DateExt.swift */; };
		A700E34E2703A14F0059FDB4 /* CircleView.swift in Sources */ = {isa = PBXBuildFile; fileRef = A700E34D2703A14F0059FDB4 /* CircleView.swift */; };
		A71684B4270DD10200CC2767 /* TransactionsView.swift in Sources */ = {isa = PBXBuildFile; fileRef = A71684B3270DD10200CC2767 /* TransactionsView.swift */; };
		A71684B6270DD21600CC2767 /* ExpensesBreakdownView.swift in Sources */ = {isa = PBXBuildFile; fileRef = A71684B5270DD21600CC2767 /* ExpensesBreakdownView.swift */; };
		A71684B8270DD25C00CC2767 /* ExpenseCategoryView.swift in Sources */ = {isa = PBXBuildFile; fileRef = A71684B7270DD25C00CC2767 /* ExpenseCategoryView.swift */; };
		A71684BA270DD2F000CC2767 /* BarChartView.swift in Sources */ = {isa = PBXBuildFile; fileRef = A71684B9270DD2F000CC2767 /* BarChartView.swift */; };
		A71684BC270DD33E00CC2767 /* BarView.swift in Sources */ = {isa = PBXBuildFile; fileRef = A71684BB270DD33E00CC2767 /* BarView.swift */; };
		A75E2787270E42180010C82A /* TabBar.swift in Sources */ = {isa = PBXBuildFile; fileRef = A75E2786270E42180010C82A /* TabBar.swift */; };
		A75E2789270E44A60010C82A /* CustomTabBar.swift in Sources */ = {isa = PBXBuildFile; fileRef = A75E2788270E44A60010C82A /* CustomTabBar.swift */; };
		A79B3F45270DD51900EB2B0D /* ContentView.swift in Sources */ = {isa = PBXBuildFile; fileRef = A79B3F44270DD51900EB2B0D /* ContentView.swift */; };
		A79B3F46270DD51900EB2B0D /* ContentView.swift in Sources */ = {isa = PBXBuildFile; fileRef = A79B3F44270DD51900EB2B0D /* ContentView.swift */; };
		A79B3F48270DD82700EB2B0D /* RingView.swift in Sources */ = {isa = PBXBuildFile; fileRef = A79B3F47270DD82700EB2B0D /* RingView.swift */; };
		A79B3F49270DD82700EB2B0D /* RingView.swift in Sources */ = {isa = PBXBuildFile; fileRef = A79B3F47270DD82700EB2B0D /* RingView.swift */; };
		A7C06F4027032541009A82F1 /* Tests_iOS.swift in Sources */ = {isa = PBXBuildFile; fileRef = A7C06F3F27032541009A82F1 /* Tests_iOS.swift */; };
		A7C06F4A27032541009A82F1 /* Tests_macOS.swift in Sources */ = {isa = PBXBuildFile; fileRef = A7C06F4927032541009A82F1 /* Tests_macOS.swift */; };
		A7C06F4B27032541009A82F1 /* FinanceAppApp.swift in Sources */ = {isa = PBXBuildFile; fileRef = A7C06F2927032540009A82F1 /* FinanceAppApp.swift */; };
		A7C06F4C27032541009A82F1 /* FinanceAppApp.swift in Sources */ = {isa = PBXBuildFile; fileRef = A7C06F2927032540009A82F1 /* FinanceAppApp.swift */; };
		A7C06F4F27032541009A82F1 /* Assets.xcassets in Resources */ = {isa = PBXBuildFile; fileRef = A7C06F2B27032541009A82F1 /* Assets.xcassets */; };
		A7C06F5027032541009A82F1 /* Assets.xcassets in Resources */ = {isa = PBXBuildFile; fileRef = A7C06F2B27032541009A82F1 /* Assets.xcassets */; };
		A7C06F6227032583009A82F1 /* waveView.swift in Sources */ = {isa = PBXBuildFile; fileRef = A7C06F6127032583009A82F1 /* waveView.swift */; };
		A7C06F642703261F009A82F1 /* CardScreen.swift in Sources */ = {isa = PBXBuildFile; fileRef = A7C06F632703261F009A82F1 /* CardScreen.swift */; };
		A7C06F6927032A1A009A82F1 /* cards.swift in Sources */ = {isa = PBXBuildFile; fileRef = A7C06F6827032A1A009A82F1 /* cards.swift */; };
		A7D9C0F82703591E003E05E5 /* Login.swift in Sources */ = {isa = PBXBuildFile; fileRef = A7D9C0F72703591E003E05E5 /* Login.swift */; };
		A7D9C0FA27035B22003E05E5 /* HomeView.swift in Sources */ = {isa = PBXBuildFile; fileRef = A7D9C0F927035B22003E05E5 /* HomeView.swift */; };
		A7D9C10727036346003E05E5 /* PickerView.swift in Sources */ = {isa = PBXBuildFile; fileRef = A7D9C10627036346003E05E5 /* PickerView.swift */; };
/* End PBXBuildFile section */

/* Begin PBXContainerItemProxy section */
		A7C06F3C27032541009A82F1 /* PBXContainerItemProxy */ = {
			isa = PBXContainerItemProxy;
			containerPortal = A7C06F2427032540009A82F1 /* Project object */;
			proxyType = 1;
			remoteGlobalIDString = A7C06F2F27032541009A82F1;
			remoteInfo = "FinanceApp (iOS)";
		};
		A7C06F4627032541009A82F1 /* PBXContainerItemProxy */ = {
			isa = PBXContainerItemProxy;
			containerPortal = A7C06F2427032540009A82F1 /* Project object */;
			proxyType = 1;
			remoteGlobalIDString = A7C06F3527032541009A82F1;
			remoteInfo = "FinanceApp (macOS)";
		};
/* End PBXContainerItemProxy section */

/* Begin PBXFileReference section */
		A700E33D270390C80059FDB4 /* HomeRingView.swift */ = {isa = PBXFileReference; lastKnownFileType = sourcecode.swift; path = HomeRingView.swift; sourceTree = "<group>"; };
		A700E33F27039BF40059FDB4 /* CardView.swift */ = {isa = PBXFileReference; lastKnownFileType = sourcecode.swift; path = CardView.swift; sourceTree = "<group>"; };
		A700E34127039C340059FDB4 /* ExpensesBreakDown.swift */ = {isa = PBXFileReference; lastKnownFileType = sourcecode.swift; path = ExpensesBreakDown.swift; sourceTree = "<group>"; };
		A700E34327039C4D0059FDB4 /* ExpenseModel.swift */ = {isa = PBXFileReference; lastKnownFileType = sourcecode.swift; path = ExpenseModel.swift; sourceTree = "<group>"; };
		A700E34727039CD50059FDB4 /* PercentAnimator.swift */ = {isa = PBXFileReference; lastKnownFileType = sourcecode.swift; path = PercentAnimator.swift; sourceTree = "<group>"; };
		A700E34927039D7B0059FDB4 /* ColorExt.swift */ = {isa = PBXFileReference; lastKnownFileType = sourcecode.swift; path = ColorExt.swift; sourceTree = "<group>"; };
		A700E34B27039DA70059FDB4 /* DateExt.swift */ = {isa = PBXFileReference; lastKnownFileType = sourcecode.swift; path = DateExt.swift; sourceTree = "<group>"; };
		A700E34D2703A14F0059FDB4 /* CircleView.swift */ = {isa = PBXFileReference; lastKnownFileType = sourcecode.swift; path = CircleView.swift; sourceTree = "<group>"; };
		A71684B3270DD10200CC2767 /* TransactionsView.swift */ = {isa = PBXFileReference; lastKnownFileType = sourcecode.swift; path = TransactionsView.swift; sourceTree = "<group>"; };
		A71684B5270DD21600CC2767 /* ExpensesBreakdownView.swift */ = {isa = PBXFileReference; lastKnownFileType = sourcecode.swift; path = ExpensesBreakdownView.swift; sourceTree = "<group>"; };
		A71684B7270DD25C00CC2767 /* ExpenseCategoryView.swift */ = {isa = PBXFileReference; lastKnownFileType = sourcecode.swift; path = ExpenseCategoryView.swift; sourceTree = "<group>"; };
		A71684B9270DD2F000CC2767 /* BarChartView.swift */ = {isa = PBXFileReference; lastKnownFileType = sourcecode.swift; path = BarChartView.swift; sourceTree = "<group>"; };
		A71684BB270DD33E00CC2767 /* BarView.swift */ = {isa = PBXFileReference; lastKnownFileType = sourcecode.swift; path = BarView.swift; sourceTree = "<group>"; };
		A75E2786270E42180010C82A /* TabBar.swift */ = {isa = PBXFileReference; lastKnownFileType = sourcecode.swift; path = TabBar.swift; sourceTree = "<group>"; };
		A75E2788270E44A60010C82A /* CustomTabBar.swift */ = {isa = PBXFileReference; lastKnownFileType = sourcecode.swift; path = CustomTabBar.swift; sourceTree = "<group>"; };
		A79B3F44270DD51900EB2B0D /* ContentView.swift */ = {isa = PBXFileReference; lastKnownFileType = sourcecode.swift; path = ContentView.swift; sourceTree = "<group>"; };
		A79B3F47270DD82700EB2B0D /* RingView.swift */ = {isa = PBXFileReference; lastKnownFileType = sourcecode.swift; path = RingView.swift; sourceTree = "<group>"; };
		A7C06F2927032540009A82F1 /* FinanceAppApp.swift */ = {isa = PBXFileReference; lastKnownFileType = sourcecode.swift; path = FinanceAppApp.swift; sourceTree = "<group>"; };
		A7C06F2B27032541009A82F1 /* Assets.xcassets */ = {isa = PBXFileReference; lastKnownFileType = folder.assetcatalog; path = Assets.xcassets; sourceTree = "<group>"; };
		A7C06F3027032541009A82F1 /* FinanceApp.app */ = {isa = PBXFileReference; explicitFileType = wrapper.application; includeInIndex = 0; path = FinanceApp.app; sourceTree = BUILT_PRODUCTS_DIR; };
		A7C06F3627032541009A82F1 /* FinanceApp.app */ = {isa = PBXFileReference; explicitFileType = wrapper.application; includeInIndex = 0; path = FinanceApp.app; sourceTree = BUILT_PRODUCTS_DIR; };
		A7C06F3B27032541009A82F1 /* Tests iOS.xctest */ = {isa = PBXFileReference; explicitFileType = wrapper.cfbundle; includeInIndex = 0; path = "Tests iOS.xctest"; sourceTree = BUILT_PRODUCTS_DIR; };
		A7C06F3F27032541009A82F1 /* Tests_iOS.swift */ = {isa = PBXFileReference; lastKnownFileType = sourcecode.swift; path = Tests_iOS.swift; sourceTree = "<group>"; };
		A7C06F4527032541009A82F1 /* Tests macOS.xctest */ = {isa = PBXFileReference; explicitFileType = wrapper.cfbundle; includeInIndex = 0; path = "Tests macOS.xctest"; sourceTree = BUILT_PRODUCTS_DIR; };
		A7C06F4927032541009A82F1 /* Tests_macOS.swift */ = {isa = PBXFileReference; lastKnownFileType = sourcecode.swift; path = Tests_macOS.swift; sourceTree = "<group>"; };
		A7C06F6127032583009A82F1 /* waveView.swift */ = {isa = PBXFileReference; lastKnownFileType = sourcecode.swift; path = waveView.swift; sourceTree = "<group>"; };
		A7C06F632703261F009A82F1 /* CardScreen.swift */ = {isa = PBXFileReference; lastKnownFileType = sourcecode.swift; path = CardScreen.swift; sourceTree = "<group>"; };
		A7C06F6827032A1A009A82F1 /* cards.swift */ = {isa = PBXFileReference; lastKnownFileType = sourcecode.swift; path = cards.swift; sourceTree = "<group>"; };
		A7D9C0F72703591E003E05E5 /* Login.swift */ = {isa = PBXFileReference; lastKnownFileType = sourcecode.swift; path = Login.swift; sourceTree = "<group>"; };
		A7D9C0F927035B22003E05E5 /* HomeView.swift */ = {isa = PBXFileReference; lastKnownFileType = sourcecode.swift; path = HomeView.swift; sourceTree = "<group>"; };
		A7D9C10627036346003E05E5 /* PickerView.swift */ = {isa = PBXFileReference; lastKnownFileType = sourcecode.swift; path = PickerView.swift; sourceTree = "<group>"; };
/* End PBXFileReference section */

/* Begin PBXFrameworksBuildPhase section */
		A7C06F2D27032541009A82F1 /* Frameworks */ = {
			isa = PBXFrameworksBuildPhase;
			buildActionMask = 2147483647;
			files = (
			);
			runOnlyForDeploymentPostprocessing = 0;
		};
		A7C06F3327032541009A82F1 /* Frameworks */ = {
			isa = PBXFrameworksBuildPhase;
			buildActionMask = 2147483647;
			files = (
			);
			runOnlyForDeploymentPostprocessing = 0;
		};
		A7C06F3827032541009A82F1 /* Frameworks */ = {
			isa = PBXFrameworksBuildPhase;
			buildActionMask = 2147483647;
			files = (
			);
			runOnlyForDeploymentPostprocessing = 0;
		};
		A7C06F4227032541009A82F1 /* Frameworks */ = {
			isa = PBXFrameworksBuildPhase;
			buildActionMask = 2147483647;
			files = (
			);
			runOnlyForDeploymentPostprocessing = 0;
		};
/* End PBXFrameworksBuildPhase section */

/* Begin PBXGroup section */
		A700E34627039CBC0059FDB4 /* Modifiers */ = {
			isa = PBXGroup;
			children = (
				A700E34727039CD50059FDB4 /* PercentAnimator.swift */,
			);
			path = Modifiers;
			sourceTree = "<group>";
		};
		A7C06F2327032540009A82F1 = {
			isa = PBXGroup;
			children = (
				A7C06F2827032540009A82F1 /* Shared */,
				A7C06F3E27032541009A82F1 /* Tests iOS */,
				A7C06F4827032541009A82F1 /* Tests macOS */,
				A7C06F3127032541009A82F1 /* Products */,
			);
			sourceTree = "<group>";
		};
		A7C06F2827032540009A82F1 /* Shared */ = {
			isa = PBXGroup;
			children = (
				A7D9C10127035FB7003E05E5 /* Extension */,
				A700E34627039CBC0059FDB4 /* Modifiers */,
				A7C06F6727032A0C009A82F1 /* Models */,
				A7C06F6027032561009A82F1 /* Screens */,
				A7C06F5F27032555009A82F1 /* Views */,
				A7C06F2927032540009A82F1 /* FinanceAppApp.swift */,
				A79B3F44270DD51900EB2B0D /* ContentView.swift */,
				A7C06F2B27032541009A82F1 /* Assets.xcassets */,
			);
			path = Shared;
			sourceTree = "<group>";
		};
		A7C06F3127032541009A82F1 /* Products */ = {
			isa = PBXGroup;
			children = (
				A7C06F3027032541009A82F1 /* FinanceApp.app */,
				A7C06F3627032541009A82F1 /* FinanceApp.app */,
				A7C06F3B27032541009A82F1 /* Tests iOS.xctest */,
				A7C06F4527032541009A82F1 /* Tests macOS.xctest */,
			);
			name = Products;
			sourceTree = "<group>";
		};
		A7C06F3E27032541009A82F1 /* Tests iOS */ = {
			isa = PBXGroup;
			children = (
				A7C06F3F27032541009A82F1 /* Tests_iOS.swift */,
			);
			path = "Tests iOS";
			sourceTree = "<group>";
		};
		A7C06F4827032541009A82F1 /* Tests macOS */ = {
			isa = PBXGroup;
			children = (
				A7C06F4927032541009A82F1 /* Tests_macOS.swift */,
			);
			path = "Tests macOS";
			sourceTree = "<group>";
		};
		A7C06F5F27032555009A82F1 /* Views */ = {
			isa = PBXGroup;
			children = (
				A7C06F6127032583009A82F1 /* waveView.swift */,
				A7C06F632703261F009A82F1 /* CardScreen.swift */,
				A7D9C0F927035B22003E05E5 /* HomeView.swift */,
				A7D9C10627036346003E05E5 /* PickerView.swift */,
				A700E33D270390C80059FDB4 /* HomeRingView.swift */,
				A700E33F27039BF40059FDB4 /* CardView.swift */,
				A700E34D2703A14F0059FDB4 /* CircleView.swift */,
				A71684B3270DD10200CC2767 /* TransactionsView.swift */,
				A71684B5270DD21600CC2767 /* ExpensesBreakdownView.swift */,
				A71684B7270DD25C00CC2767 /* ExpenseCategoryView.swift */,
				A71684B9270DD2F000CC2767 /* BarChartView.swift */,
				A71684BB270DD33E00CC2767 /* BarView.swift */,
				A79B3F47270DD82700EB2B0D /* RingView.swift */,
			);
			path = Views;
			sourceTree = "<group>";
		};
		A7C06F6027032561009A82F1 /* Screens */ = {
			isa = PBXGroup;
			children = (
				A7D9C0F72703591E003E05E5 /* Login.swift */,
				A75E2786270E42180010C82A /* TabBar.swift */,
				A75E2788270E44A60010C82A /* CustomTabBar.swift */,
			);
			path = Screens;
			sourceTree = "<group>";
		};
		A7C06F6727032A0C009A82F1 /* Models */ = {
			isa = PBXGroup;
			children = (
				A700E34327039C4D0059FDB4 /* ExpenseModel.swift */,
				A700E34127039C340059FDB4 /* ExpensesBreakDown.swift */,
				A7C06F6827032A1A009A82F1 /* cards.swift */,
			);
			path = Models;
			sourceTree = "<group>";
		};
		A7D9C10127035FB7003E05E5 /* Extension */ = {
			isa = PBXGroup;
			children = (
				A700E34927039D7B0059FDB4 /* ColorExt.swift */,
				A700E34B27039DA70059FDB4 /* DateExt.swift */,
			);
			path = Extension;
			sourceTree = "<group>";
		};
/* End PBXGroup section */

/* Begin PBXNativeTarget section */
		A7C06F2F27032541009A82F1 /* FinanceApp (iOS) */ = {
			isa = PBXNativeTarget;
			buildConfigurationList = A7C06F5327032541009A82F1 /* Build configuration list for PBXNativeTarget "FinanceApp (iOS)" */;
			buildPhases = (
				A7C06F2C27032541009A82F1 /* Sources */,
				A7C06F2D27032541009A82F1 /* Frameworks */,
				A7C06F2E27032541009A82F1 /* Resources */,
			);
			buildRules = (
			);
			dependencies = (
			);
			name = "FinanceApp (iOS)";
			productName = "FinanceApp (iOS)";
			productReference = A7C06F3027032541009A82F1 /* FinanceApp.app */;
			productType = "com.apple.product-type.application";
		};
		A7C06F3527032541009A82F1 /* FinanceApp (macOS) */ = {
			isa = PBXNativeTarget;
			buildConfigurationList = A7C06F5627032541009A82F1 /* Build configuration list for PBXNativeTarget "FinanceApp (macOS)" */;
			buildPhases = (
				A7C06F3227032541009A82F1 /* Sources */,
				A7C06F3327032541009A82F1 /* Frameworks */,
				A7C06F3427032541009A82F1 /* Resources */,
			);
			buildRules = (
			);
			dependencies = (
			);
			name = "FinanceApp (macOS)";
			productName = "FinanceApp (macOS)";
			productReference = A7C06F3627032541009A82F1 /* FinanceApp.app */;
			productType = "com.apple.product-type.application";
		};
		A7C06F3A27032541009A82F1 /* Tests iOS */ = {
			isa = PBXNativeTarget;
			buildConfigurationList = A7C06F5927032541009A82F1 /* Build configuration list for PBXNativeTarget "Tests iOS" */;
			buildPhases = (
				A7C06F3727032541009A82F1 /* Sources */,
				A7C06F3827032541009A82F1 /* Frameworks */,
				A7C06F3927032541009A82F1 /* Resources */,
			);
			buildRules = (
			);
			dependencies = (
				A7C06F3D27032541009A82F1 /* PBXTargetDependency */,
			);
			name = "Tests iOS";
			productName = "Tests iOS";
			productReference = A7C06F3B27032541009A82F1 /* Tests iOS.xctest */;
			productType = "com.apple.product-type.bundle.ui-testing";
		};
		A7C06F4427032541009A82F1 /* Tests macOS */ = {
			isa = PBXNativeTarget;
			buildConfigurationList = A7C06F5C27032541009A82F1 /* Build configuration list for PBXNativeTarget "Tests macOS" */;
			buildPhases = (
				A7C06F4127032541009A82F1 /* Sources */,
				A7C06F4227032541009A82F1 /* Frameworks */,
				A7C06F4327032541009A82F1 /* Resources */,
			);
			buildRules = (
			);
			dependencies = (
				A7C06F4727032541009A82F1 /* PBXTargetDependency */,
			);
			name = "Tests macOS";
			productName = "Tests macOS";
			productReference = A7C06F4527032541009A82F1 /* Tests macOS.xctest */;
			productType = "com.apple.product-type.bundle.ui-testing";
		};
/* End PBXNativeTarget section */

/* Begin PBXProject section */
		A7C06F2427032540009A82F1 /* Project object */ = {
			isa = PBXProject;
			attributes = {
				BuildIndependentTargetsInParallel = 1;
				LastSwiftUpdateCheck = 1300;
				LastUpgradeCheck = 1300;
				TargetAttributes = {
					A7C06F2F27032541009A82F1 = {
						CreatedOnToolsVersion = 13.0;
					};
					A7C06F3527032541009A82F1 = {
						CreatedOnToolsVersion = 13.0;
					};
					A7C06F3A27032541009A82F1 = {
						CreatedOnToolsVersion = 13.0;
						TestTargetID = A7C06F2F27032541009A82F1;
					};
					A7C06F4427032541009A82F1 = {
						CreatedOnToolsVersion = 13.0;
						TestTargetID = A7C06F3527032541009A82F1;
					};
				};
			};
			buildConfigurationList = A7C06F2727032540009A82F1 /* Build configuration list for PBXProject "FinanceApp" */;
			compatibilityVersion = "Xcode 13.0";
			developmentRegion = en;
			hasScannedForEncodings = 0;
			knownRegions = (
				en,
				Base,
			);
			mainGroup = A7C06F2327032540009A82F1;
			productRefGroup = A7C06F3127032541009A82F1 /* Products */;
			projectDirPath = "";
			projectRoot = "";
			targets = (
				A7C06F2F27032541009A82F1 /* FinanceApp (iOS) */,
				A7C06F3527032541009A82F1 /* FinanceApp (macOS) */,
				A7C06F3A27032541009A82F1 /* Tests iOS */,
				A7C06F4427032541009A82F1 /* Tests macOS */,
			);
		};
/* End PBXProject section */

/* Begin PBXResourcesBuildPhase section */
		A7C06F2E27032541009A82F1 /* Resources */ = {
			isa = PBXResourcesBuildPhase;
			buildActionMask = 2147483647;
			files = (
				A7C06F4F27032541009A82F1 /* Assets.xcassets in Resources */,
			);
			runOnlyForDeploymentPostprocessing = 0;
		};
		A7C06F3427032541009A82F1 /* Resources */ = {
			isa = PBXResourcesBuildPhase;
			buildActionMask = 2147483647;
			files = (
				A7C06F5027032541009A82F1 /* Assets.xcassets in Resources */,
			);
			runOnlyForDeploymentPostprocessing = 0;
		};
		A7C06F3927032541009A82F1 /* Resources */ = {
			isa = PBXResourcesBuildPhase;
			buildActionMask = 2147483647;
			files = (
			);
			runOnlyForDeploymentPostprocessing = 0;
		};
		A7C06F4327032541009A82F1 /* Resources */ = {
			isa = PBXResourcesBuildPhase;
			buildActionMask = 2147483647;
			files = (
			);
			runOnlyForDeploymentPostprocessing = 0;
		};
/* End PBXResourcesBuildPhase section */

/* Begin PBXSourcesBuildPhase section */
		A7C06F2C27032541009A82F1 /* Sources */ = {
			isa = PBXSourcesBuildPhase;
			buildActionMask = 2147483647;
			files = (
				A71684BC270DD33E00CC2767 /* BarView.swift in Sources */,
				A700E34E2703A14F0059FDB4 /* CircleView.swift in Sources */,
				A7D9C0F82703591E003E05E5 /* Login.swift in Sources */,
				A7C06F6227032583009A82F1 /* waveView.swift in Sources */,
				A75E2789270E44A60010C82A /* CustomTabBar.swift in Sources */,
				A700E34227039C340059FDB4 /* ExpensesBreakDown.swift in Sources */,
				A71684B8270DD25C00CC2767 /* ExpenseCategoryView.swift in Sources */,
				A7D9C10727036346003E05E5 /* PickerView.swift in Sources */,
				A7C06F642703261F009A82F1 /* CardScreen.swift in Sources */,
				A700E33E270390C80059FDB4 /* HomeRingView.swift in Sources */,
				A7C06F6927032A1A009A82F1 /* cards.swift in Sources */,
				A700E34827039CD50059FDB4 /* PercentAnimator.swift in Sources */,
				A700E34A27039D7B0059FDB4 /* ColorExt.swift in Sources */,
				A79B3F48270DD82700EB2B0D /* RingView.swift in Sources */,
				A700E34C27039DA70059FDB4 /* DateExt.swift in Sources */,
				A700E34427039C4D0059FDB4 /* ExpenseModel.swift in Sources */,
				A7D9C0FA27035B22003E05E5 /* HomeView.swift in Sources */,
				A71684B4270DD10200CC2767 /* TransactionsView.swift in Sources */,
				A79B3F45270DD51900EB2B0D /* ContentView.swift in Sources */,
				A7C06F4B27032541009A82F1 /* FinanceAppApp.swift in Sources */,
				A71684B6270DD21600CC2767 /* ExpensesBreakdownView.swift in Sources */,
				A700E34027039BF40059FDB4 /* CardView.swift in Sources */,
				A71684BA270DD2F000CC2767 /* BarChartView.swift in Sources */,
				A75E2787270E42180010C82A /* TabBar.swift in Sources */,
			);
			runOnlyForDeploymentPostprocessing = 0;
		};
		A7C06F3227032541009A82F1 /* Sources */ = {
			isa = PBXSourcesBuildPhase;
			buildActionMask = 2147483647;
			files = (
				A79B3F49270DD82700EB2B0D /* RingView.swift in Sources */,
				A79B3F46270DD51900EB2B0D /* ContentView.swift in Sources */,
				A7C06F4C27032541009A82F1 /* FinanceAppApp.swift in Sources */,
			);
			runOnlyForDeploymentPostprocessing = 0;
		};
		A7C06F3727032541009A82F1 /* Sources */ = {
			isa = PBXSourcesBuildPhase;
			buildActionMask = 2147483647;
			files = (
				A7C06F4027032541009A82F1 /* Tests_iOS.swift in Sources */,
			);
			runOnlyForDeploymentPostprocessing = 0;
		};
		A7C06F4127032541009A82F1 /* Sources */ = {
			isa = PBXSourcesBuildPhase;
			buildActionMask = 2147483647;
			files = (
				A7C06F4A27032541009A82F1 /* Tests_macOS.swift in Sources */,
			);
			runOnlyForDeploymentPostprocessing = 0;
		};
/* End PBXSourcesBuildPhase section */

/* Begin PBXTargetDependency section */
		A7C06F3D27032541009A82F1 /* PBXTargetDependency */ = {
			isa = PBXTargetDependency;
			target = A7C06F2F27032541009A82F1 /* FinanceApp (iOS) */;
			targetProxy = A7C06F3C27032541009A82F1 /* PBXContainerItemProxy */;
		};
		A7C06F4727032541009A82F1 /* PBXTargetDependency */ = {
			isa = PBXTargetDependency;
			target = A7C06F3527032541009A82F1 /* FinanceApp (macOS) */;
			targetProxy = A7C06F4627032541009A82F1 /* PBXContainerItemProxy */;
		};
/* End PBXTargetDependency section */

/* Begin XCBuildConfiguration section */
		A7C06F5127032541009A82F1 /* Debug */ = {
			isa = XCBuildConfiguration;
			buildSettings = {
				ALWAYS_SEARCH_USER_PATHS = NO;
				CLANG_ANALYZER_NONNULL = YES;
				CLANG_ANALYZER_NUMBER_OBJECT_CONVERSION = YES_AGGRESSIVE;
				CLANG_CXX_LANGUAGE_STANDARD = "gnu++17";
				CLANG_CXX_LIBRARY = "libc++";
				CLANG_ENABLE_MODULES = YES;
				CLANG_ENABLE_OBJC_ARC = YES;
				CLANG_ENABLE_OBJC_WEAK = YES;
				CLANG_WARN_BLOCK_CAPTURE_AUTORELEASING = YES;
				CLANG_WARN_BOOL_CONVERSION = YES;
				CLANG_WARN_COMMA = YES;
				CLANG_WARN_CONSTANT_CONVERSION = YES;
				CLANG_WARN_DEPRECATED_OBJC_IMPLEMENTATIONS = YES;
				CLANG_WARN_DIRECT_OBJC_ISA_USAGE = YES_ERROR;
				CLANG_WARN_DOCUMENTATION_COMMENTS = YES;
				CLANG_WARN_EMPTY_BODY = YES;
				CLANG_WARN_ENUM_CONVERSION = YES;
				CLANG_WARN_INFINITE_RECURSION = YES;
				CLANG_WARN_INT_CONVERSION = YES;
				CLANG_WARN_NON_LITERAL_NULL_CONVERSION = YES;
				CLANG_WARN_OBJC_IMPLICIT_RETAIN_SELF = YES;
				CLANG_WARN_OBJC_LITERAL_CONVERSION = YES;
				CLANG_WARN_OBJC_ROOT_CLASS = YES_ERROR;
				CLANG_WARN_QUOTED_INCLUDE_IN_FRAMEWORK_HEADER = YES;
				CLANG_WARN_RANGE_LOOP_ANALYSIS = YES;
				CLANG_WARN_STRICT_PROTOTYPES = YES;
				CLANG_WARN_SUSPICIOUS_MOVE = YES;
				CLANG_WARN_UNGUARDED_AVAILABILITY = YES_AGGRESSIVE;
				CLANG_WARN_UNREACHABLE_CODE = YES;
				CLANG_WARN__DUPLICATE_METHOD_MATCH = YES;
				COPY_PHASE_STRIP = NO;
				DEBUG_INFORMATION_FORMAT = dwarf;
				ENABLE_STRICT_OBJC_MSGSEND = YES;
				ENABLE_TESTABILITY = YES;
				GCC_C_LANGUAGE_STANDARD = gnu11;
				GCC_DYNAMIC_NO_PIC = NO;
				GCC_NO_COMMON_BLOCKS = YES;
				GCC_OPTIMIZATION_LEVEL = 0;
				GCC_PREPROCESSOR_DEFINITIONS = (
					"DEBUG=1",
					"$(inherited)",
				);
				GCC_WARN_64_TO_32_BIT_CONVERSION = YES;
				GCC_WARN_ABOUT_RETURN_TYPE = YES_ERROR;
				GCC_WARN_UNDECLARED_SELECTOR = YES;
				GCC_WARN_UNINITIALIZED_AUTOS = YES_AGGRESSIVE;
				GCC_WARN_UNUSED_FUNCTION = YES;
				GCC_WARN_UNUSED_VARIABLE = YES;
				MTL_ENABLE_DEBUG_INFO = INCLUDE_SOURCE;
				MTL_FAST_MATH = YES;
				ONLY_ACTIVE_ARCH = YES;
				SWIFT_ACTIVE_COMPILATION_CONDITIONS = DEBUG;
				SWIFT_OPTIMIZATION_LEVEL = "-Onone";
			};
			name = Debug;
		};
		A7C06F5227032541009A82F1 /* Release */ = {
			isa = XCBuildConfiguration;
			buildSettings = {
				ALWAYS_SEARCH_USER_PATHS = NO;
				CLANG_ANALYZER_NONNULL = YES;
				CLANG_ANALYZER_NUMBER_OBJECT_CONVERSION = YES_AGGRESSIVE;
				CLANG_CXX_LANGUAGE_STANDARD = "gnu++17";
				CLANG_CXX_LIBRARY = "libc++";
				CLANG_ENABLE_MODULES = YES;
				CLANG_ENABLE_OBJC_ARC = YES;
				CLANG_ENABLE_OBJC_WEAK = YES;
				CLANG_WARN_BLOCK_CAPTURE_AUTORELEASING = YES;
				CLANG_WARN_BOOL_CONVERSION = YES;
				CLANG_WARN_COMMA = YES;
				CLANG_WARN_CONSTANT_CONVERSION = YES;
				CLANG_WARN_DEPRECATED_OBJC_IMPLEMENTATIONS = YES;
				CLANG_WARN_DIRECT_OBJC_ISA_USAGE = YES_ERROR;
				CLANG_WARN_DOCUMENTATION_COMMENTS = YES;
				CLANG_WARN_EMPTY_BODY = YES;
				CLANG_WARN_ENUM_CONVERSION = YES;
				CLANG_WARN_INFINITE_RECURSION = YES;
				CLANG_WARN_INT_CONVERSION = YES;
				CLANG_WARN_NON_LITERAL_NULL_CONVERSION = YES;
				CLANG_WARN_OBJC_IMPLICIT_RETAIN_SELF = YES;
				CLANG_WARN_OBJC_LITERAL_CONVERSION = YES;
				CLANG_WARN_OBJC_ROOT_CLASS = YES_ERROR;
				CLANG_WARN_QUOTED_INCLUDE_IN_FRAMEWORK_HEADER = YES;
				CLANG_WARN_RANGE_LOOP_ANALYSIS = YES;
				CLANG_WARN_STRICT_PROTOTYPES = YES;
				CLANG_WARN_SUSPICIOUS_MOVE = YES;
				CLANG_WARN_UNGUARDED_AVAILABILITY = YES_AGGRESSIVE;
				CLANG_WARN_UNREACHABLE_CODE = YES;
				CLANG_WARN__DUPLICATE_METHOD_MATCH = YES;
				COPY_PHASE_STRIP = NO;
				DEBUG_INFORMATION_FORMAT = "dwarf-with-dsym";
				ENABLE_NS_ASSERTIONS = NO;
				ENABLE_STRICT_OBJC_MSGSEND = YES;
				GCC_C_LANGUAGE_STANDARD = gnu11;
				GCC_NO_COMMON_BLOCKS = YES;
				GCC_WARN_64_TO_32_BIT_CONVERSION = YES;
				GCC_WARN_ABOUT_RETURN_TYPE = YES_ERROR;
				GCC_WARN_UNDECLARED_SELECTOR = YES;
				GCC_WARN_UNINITIALIZED_AUTOS = YES_AGGRESSIVE;
				GCC_WARN_UNUSED_FUNCTION = YES;
				GCC_WARN_UNUSED_VARIABLE = YES;
				MTL_ENABLE_DEBUG_INFO = NO;
				MTL_FAST_MATH = YES;
				SWIFT_COMPILATION_MODE = wholemodule;
				SWIFT_OPTIMIZATION_LEVEL = "-O";
			};
			name = Release;
		};
		A7C06F5427032541009A82F1 /* Debug */ = {
			isa = XCBuildConfiguration;
			buildSettings = {
				ASSETCATALOG_COMPILER_APPICON_NAME = AppIcon;
				ASSETCATALOG_COMPILER_GLOBAL_ACCENT_COLOR_NAME = AccentColor;
				CODE_SIGN_STYLE = Automatic;
				CURRENT_PROJECT_VERSION = 1;
				DEVELOPMENT_TEAM = 4Q6S759NWS;
				ENABLE_PREVIEWS = YES;
				GENERATE_INFOPLIST_FILE = YES;
				INFOPLIST_KEY_UIApplicationSceneManifest_Generation = YES;
				INFOPLIST_KEY_UIApplicationSupportsIndirectInputEvents = YES;
				INFOPLIST_KEY_UILaunchScreen_Generation = YES;
				INFOPLIST_KEY_UISupportedInterfaceOrientations_iPad = "UIInterfaceOrientationPortrait UIInterfaceOrientationPortraitUpsideDown UIInterfaceOrientationLandscapeLeft UIInterfaceOrientationLandscapeRight";
				INFOPLIST_KEY_UISupportedInterfaceOrientations_iPhone = "UIInterfaceOrientationPortrait UIInterfaceOrientationLandscapeLeft UIInterfaceOrientationLandscapeRight";
				IPHONEOS_DEPLOYMENT_TARGET = 14.0;
				LD_RUNPATH_SEARCH_PATHS = (
					"$(inherited)",
					"@executable_path/Frameworks",
				);
				MARKETING_VERSION = 1.0;
				PRODUCT_BUNDLE_IDENTIFIER = Temi.FinanceApp;
				PRODUCT_NAME = FinanceApp;
				SDKROOT = iphoneos;
				SWIFT_EMIT_LOC_STRINGS = YES;
				SWIFT_VERSION = 5.0;
				TARGETED_DEVICE_FAMILY = "1,2";
			};
			name = Debug;
		};
		A7C06F5527032541009A82F1 /* Release */ = {
			isa = XCBuildConfiguration;
			buildSettings = {
				ASSETCATALOG_COMPILER_APPICON_NAME = AppIcon;
				ASSETCATALOG_COMPILER_GLOBAL_ACCENT_COLOR_NAME = AccentColor;
				CODE_SIGN_STYLE = Automatic;
				CURRENT_PROJECT_VERSION = 1;
				DEVELOPMENT_TEAM = 4Q6S759NWS;
				ENABLE_PREVIEWS = YES;
				GENERATE_INFOPLIST_FILE = YES;
				INFOPLIST_KEY_UIApplicationSceneManifest_Generation = YES;
				INFOPLIST_KEY_UIApplicationSupportsIndirectInputEvents = YES;
				INFOPLIST_KEY_UILaunchScreen_Generation = YES;
				INFOPLIST_KEY_UISupportedInterfaceOrientations_iPad = "UIInterfaceOrientationPortrait UIInterfaceOrientationPortraitUpsideDown UIInterfaceOrientationLandscapeLeft UIInterfaceOrientationLandscapeRight";
				INFOPLIST_KEY_UISupportedInterfaceOrientations_iPhone = "UIInterfaceOrientationPortrait UIInterfaceOrientationLandscapeLeft UIInterfaceOrientationLandscapeRight";
				IPHONEOS_DEPLOYMENT_TARGET = 14.0;
				LD_RUNPATH_SEARCH_PATHS = (
					"$(inherited)",
					"@executable_path/Frameworks",
				);
				MARKETING_VERSION = 1.0;
				PRODUCT_BUNDLE_IDENTIFIER = Temi.FinanceApp;
				PRODUCT_NAME = FinanceApp;
				SDKROOT = iphoneos;
				SWIFT_EMIT_LOC_STRINGS = YES;
				SWIFT_VERSION = 5.0;
				TARGETED_DEVICE_FAMILY = "1,2";
				VALIDATE_PRODUCT = YES;
			};
			name = Release;
		};
		A7C06F5727032541009A82F1 /* Debug */ = {
			isa = XCBuildConfiguration;
			buildSettings = {
				ASSETCATALOG_COMPILER_APPICON_NAME = AppIcon;
				ASSETCATALOG_COMPILER_GLOBAL_ACCENT_COLOR_NAME = AccentColor;
				CODE_SIGN_STYLE = Automatic;
				COMBINE_HIDPI_IMAGES = YES;
				CURRENT_PROJECT_VERSION = 1;
				DEVELOPMENT_TEAM = 4Q6S759NWS;
				ENABLE_APP_SANDBOX = YES;
				ENABLE_HARDENED_RUNTIME = YES;
				ENABLE_PREVIEWS = YES;
				ENABLE_USER_SELECTED_FILES = readonly;
				GENERATE_INFOPLIST_FILE = YES;
				INFOPLIST_KEY_NSHumanReadableCopyright = "";
				LD_RUNPATH_SEARCH_PATHS = (
					"$(inherited)",
					"@executable_path/../Frameworks",
				);
				MACOSX_DEPLOYMENT_TARGET = 11.0;
				MARKETING_VERSION = 1.0;
				PRODUCT_BUNDLE_IDENTIFIER = Temi.FinanceApp;
				PRODUCT_NAME = FinanceApp;
				SDKROOT = macosx;
				SWIFT_EMIT_LOC_STRINGS = YES;
				SWIFT_VERSION = 5.0;
			};
			name = Debug;
		};
		A7C06F5827032541009A82F1 /* Release */ = {
			isa = XCBuildConfiguration;
			buildSettings = {
				ASSETCATALOG_COMPILER_APPICON_NAME = AppIcon;
				ASSETCATALOG_COMPILER_GLOBAL_ACCENT_COLOR_NAME = AccentColor;
				CODE_SIGN_STYLE = Automatic;
				COMBINE_HIDPI_IMAGES = YES;
				CURRENT_PROJECT_VERSION = 1;
				DEVELOPMENT_TEAM = 4Q6S759NWS;
				ENABLE_APP_SANDBOX = YES;
				ENABLE_HARDENED_RUNTIME = YES;
				ENABLE_PREVIEWS = YES;
				ENABLE_USER_SELECTED_FILES = readonly;
				GENERATE_INFOPLIST_FILE = YES;
				INFOPLIST_KEY_NSHumanReadableCopyright = "";
				LD_RUNPATH_SEARCH_PATHS = (
					"$(inherited)",
					"@executable_path/../Frameworks",
				);
				MACOSX_DEPLOYMENT_TARGET = 11.0;
				MARKETING_VERSION = 1.0;
				PRODUCT_BUNDLE_IDENTIFIER = Temi.FinanceApp;
				PRODUCT_NAME = FinanceApp;
				SDKROOT = macosx;
				SWIFT_EMIT_LOC_STRINGS = YES;
				SWIFT_VERSION = 5.0;
			};
			name = Release;
		};
		A7C06F5A27032541009A82F1 /* Debug */ = {
			isa = XCBuildConfiguration;
			buildSettings = {
				ALWAYS_EMBED_SWIFT_STANDARD_LIBRARIES = YES;
				CODE_SIGN_STYLE = Automatic;
				CURRENT_PROJECT_VERSION = 1;
				DEVELOPMENT_TEAM = 4Q6S759NWS;
				GENERATE_INFOPLIST_FILE = YES;
				IPHONEOS_DEPLOYMENT_TARGET = 15.0;
				LD_RUNPATH_SEARCH_PATHS = (
					"$(inherited)",
					"@executable_path/Frameworks",
					"@loader_path/Frameworks",
				);
				MARKETING_VERSION = 1.0;
				PRODUCT_BUNDLE_IDENTIFIER = "Temi.Tests-iOS";
				PRODUCT_NAME = "$(TARGET_NAME)";
				SDKROOT = iphoneos;
				SWIFT_EMIT_LOC_STRINGS = NO;
				SWIFT_VERSION = 5.0;
				TARGETED_DEVICE_FAMILY = "1,2";
				TEST_TARGET_NAME = "FinanceApp (iOS)";
			};
			name = Debug;
		};
		A7C06F5B27032541009A82F1 /* Release */ = {
			isa = XCBuildConfiguration;
			buildSettings = {
				ALWAYS_EMBED_SWIFT_STANDARD_LIBRARIES = YES;
				CODE_SIGN_STYLE = Automatic;
				CURRENT_PROJECT_VERSION = 1;
				DEVELOPMENT_TEAM = 4Q6S759NWS;
				GENERATE_INFOPLIST_FILE = YES;
				IPHONEOS_DEPLOYMENT_TARGET = 15.0;
				LD_RUNPATH_SEARCH_PATHS = (
					"$(inherited)",
					"@executable_path/Frameworks",
					"@loader_path/Frameworks",
				);
				MARKETING_VERSION = 1.0;
				PRODUCT_BUNDLE_IDENTIFIER = "Temi.Tests-iOS";
				PRODUCT_NAME = "$(TARGET_NAME)";
				SDKROOT = iphoneos;
				SWIFT_EMIT_LOC_STRINGS = NO;
				SWIFT_VERSION = 5.0;
				TARGETED_DEVICE_FAMILY = "1,2";
				TEST_TARGET_NAME = "FinanceApp (iOS)";
				VALIDATE_PRODUCT = YES;
			};
			name = Release;
		};
		A7C06F5D27032541009A82F1 /* Debug */ = {
			isa = XCBuildConfiguration;
			buildSettings = {
				ALWAYS_EMBED_SWIFT_STANDARD_LIBRARIES = YES;
				CODE_SIGN_STYLE = Automatic;
				COMBINE_HIDPI_IMAGES = YES;
				CURRENT_PROJECT_VERSION = 1;
				DEVELOPMENT_TEAM = 4Q6S759NWS;
				GENERATE_INFOPLIST_FILE = YES;
				LD_RUNPATH_SEARCH_PATHS = (
					"$(inherited)",
					"@executable_path/../Frameworks",
					"@loader_path/../Frameworks",
				);
				MACOSX_DEPLOYMENT_TARGET = 11.5;
				MARKETING_VERSION = 1.0;
				PRODUCT_BUNDLE_IDENTIFIER = "Temi.Tests-macOS";
				PRODUCT_NAME = "$(TARGET_NAME)";
				SDKROOT = macosx;
				SWIFT_EMIT_LOC_STRINGS = NO;
				SWIFT_VERSION = 5.0;
				TEST_TARGET_NAME = "FinanceApp (macOS)";
			};
			name = Debug;
		};
		A7C06F5E27032541009A82F1 /* Release */ = {
			isa = XCBuildConfiguration;
			buildSettings = {
				ALWAYS_EMBED_SWIFT_STANDARD_LIBRARIES = YES;
				CODE_SIGN_STYLE = Automatic;
				COMBINE_HIDPI_IMAGES = YES;
				CURRENT_PROJECT_VERSION = 1;
				DEVELOPMENT_TEAM = 4Q6S759NWS;
				GENERATE_INFOPLIST_FILE = YES;
				LD_RUNPATH_SEARCH_PATHS = (
					"$(inherited)",
					"@executable_path/../Frameworks",
					"@loader_path/../Frameworks",
				);
				MACOSX_DEPLOYMENT_TARGET = 11.5;
				MARKETING_VERSION = 1.0;
				PRODUCT_BUNDLE_IDENTIFIER = "Temi.Tests-macOS";
				PRODUCT_NAME = "$(TARGET_NAME)";
				SDKROOT = macosx;
				SWIFT_EMIT_LOC_STRINGS = NO;
				SWIFT_VERSION = 5.0;
				TEST_TARGET_NAME = "FinanceApp (macOS)";
			};
			name = Release;
		};
/* End XCBuildConfiguration section */

/* Begin XCConfigurationList section */
		A7C06F2727032540009A82F1 /* Build configuration list for PBXProject "FinanceApp" */ = {
			isa = XCConfigurationList;
			buildConfigurations = (
				A7C06F5127032541009A82F1 /* Debug */,
				A7C06F5227032541009A82F1 /* Release */,
			);
			defaultConfigurationIsVisible = 0;
			defaultConfigurationName = Release;
		};
		A7C06F5327032541009A82F1 /* Build configuration list for PBXNativeTarget "FinanceApp (iOS)" */ = {
			isa = XCConfigurationList;
			buildConfigurations = (
				A7C06F5427032541009A82F1 /* Debug */,
				A7C06F5527032541009A82F1 /* Release */,
			);
			defaultConfigurationIsVisible = 0;
			defaultConfigurationName = Release;
		};
		A7C06F5627032541009A82F1 /* Build configuration list for PBXNativeTarget "FinanceApp (macOS)" */ = {
			isa = XCConfigurationList;
			buildConfigurations = (
				A7C06F5727032541009A82F1 /* Debug */,
				A7C06F5827032541009A82F1 /* Release */,
			);
			defaultConfigurationIsVisible = 0;
			defaultConfigurationName = Release;
		};
		A7C06F5927032541009A82F1 /* Build configuration list for PBXNativeTarget "Tests iOS" */ = {
			isa = XCConfigurationList;
			buildConfigurations = (
				A7C06F5A27032541009A82F1 /* Debug */,
				A7C06F5B27032541009A82F1 /* Release */,
			);
			defaultConfigurationIsVisible = 0;
			defaultConfigurationName = Release;
		};
		A7C06F5C27032541009A82F1 /* Build configuration list for PBXNativeTarget "Tests macOS" */ = {
			isa = XCConfigurationList;
			buildConfigurations = (
				A7C06F5D27032541009A82F1 /* Debug */,
				A7C06F5E27032541009A82F1 /* Release */,
			);
			defaultConfigurationIsVisible = 0;
			defaultConfigurationName = Release;
		};
/* End XCConfigurationList section */
	};
	rootObject = A7C06F2427032540009A82F1 /* Project object */;
}
